
Microsoft Visual Studio Solution File, Format Version 12.00
# Visual Studio 15
VisualStudioVersion = 15.0.26730.12
MinimumVisualStudioVersion = 10.0.40219.1
Project("{FAE04EC0-301F-11D3-BF4B-00C04F79EFBC}") = "Parcial2_Ap2_EdimarCM", "Parcial2_Ap2_EdimarCM\Parcial2_Ap2_EdimarCM.csproj", "{E2A69FD7-9382-491A-AC8E-F83CDC447D2D}"
EndProject
Project("{FAE04EC0-301F-11D3-BF4B-00C04F79EFBC}") = "BLL", "BLL\BLL.csproj", "{C513E7B0-DCDD-4D71-8961-483B3A215EFC}"
EndProject
Project("{FAE04EC0-301F-11D3-BF4B-00C04F79EFBC}") = "Entidades", "Entidades\Entidades.csproj", "{43923675-4474-4426-B7D0-7754F8696150}"
EndProject
Global
	GlobalSection(SolutionConfigurationPlatforms) = preSolution
		Debug|Any CPU = Debug|Any CPU
		Release|Any CPU = Release|Any CPU
	EndGlobalSection
	GlobalSection(ProjectConfigurationPlatforms) = postSolution
		{E2A69FD7-9382-491A-AC8E-F83CDC447D2D}.Debug|Any CPU.ActiveCfg = Debug|Any CPU
		{E2A69FD7-9382-491A-AC8E-F83CDC447D2D}.Debug|Any CPU.Build.0 = Debug|Any CPU
		{E2A69FD7-9382-491A-AC8E-F83CDC447D2D}.Release|Any CPU.ActiveCfg = Release|Any CPU
		{E2A69FD7-9382-491A-AC8E-F83CDC447D2D}.Release|Any CPU.Build.0 = Release|Any CPU
		{C513E7B0-DCDD-4D71-8961-483B3A215EFC}.Debug|Any CPU.ActiveCfg = Debug|Any CPU
		{C513E7B0-DCDD-4D71-8961-483B3A215EFC}.Debug|Any CPU.Build.0 = Debug|Any CPU
		{C513E7B0-DCDD-4D71-8961-483B3A215EFC}.Release|Any CPU.ActiveCfg = Release|Any CPU
		{C513E7B0-DCDD-4D71-8961-483B3A215EFC}.Release|Any CPU.Build.0 = Release|Any CPU
		{43923675-4474-4426-B7D0-7754F8696150}.Debug|Any CPU.ActiveCfg = Debug|Any CPU
		{43923675-4474-4426-B7D0-7754F8696150}.Debug|Any CPU.Build.0 = Debug|Any CPU
		{43923675-4474-4426-B7D0-7754F8696150}.Release|Any CPU.ActiveCfg = Release|Any CPU
		{43923675-4474-4426-B7D0-7754F8696150}.Release|Any CPU.Build.0 = Release|Any CPU
	EndGlobalSection
	GlobalSection(SolutionProperties) = preSolution
		HideSolutionNode = FALSE
	EndGlobalSection
	GlobalSection(ExtensibilityGlobals) = postSolution
		SolutionGuid = {9146F07B-9569-4F91-B1EB-9627C174C2D6}
	EndGlobalSection
EndGlobal
